// !$*UTF8*$!
{
	archiveVersion = 1;
	classes = {
	};
	objectVersion = 46;
	objects = {

/* Begin PBXBuildFile section */
		2D05C8A316B1803F00DAB3BB /* uncertain.png in Resources */ = {isa = PBXBuildFile; fileRef = 2D05C8A216B1803F00DAB3BB /* uncertain.png */; };
		2D05C8A416B1808F00DAB3BB /* uncertain.png in CopyFiles */ = {isa = PBXBuildFile; fileRef = 2D05C8A216B1803F00DAB3BB /* uncertain.png */; };
		2D279F2D1672FBBC000D84E1 /* UIKit.framework in Frameworks */ = {isa = PBXBuildFile; fileRef = 2D279F2C1672FBBC000D84E1 /* UIKit.framework */; };
		2D279F2F1672FBBC000D84E1 /* Foundation.framework in Frameworks */ = {isa = PBXBuildFile; fileRef = 2D279F2E1672FBBC000D84E1 /* Foundation.framework */; };
		2D279F311672FBBC000D84E1 /* CoreGraphics.framework in Frameworks */ = {isa = PBXBuildFile; fileRef = 2D279F301672FBBC000D84E1 /* CoreGraphics.framework */; };
		2D279F371672FBBC000D84E1 /* InfoPlist.strings in Resources */ = {isa = PBXBuildFile; fileRef = 2D279F351672FBBC000D84E1 /* InfoPlist.strings */; };
		2D279F391672FBBC000D84E1 /* main.m in Sources */ = {isa = PBXBuildFile; fileRef = 2D279F381672FBBC000D84E1 /* main.m */; };
		2D279F3D1672FBBC000D84E1 /* NUIAppDelegate.m in Sources */ = {isa = PBXBuildFile; fileRef = 2D279F3C1672FBBC000D84E1 /* NUIAppDelegate.m */; };
		2D279F3F1672FBBC000D84E1 /* Default.png in Resources */ = {isa = PBXBuildFile; fileRef = 2D279F3E1672FBBC000D84E1 /* Default.png */; };
		2D279F411672FBBC000D84E1 /* Default@2x.png in Resources */ = {isa = PBXBuildFile; fileRef = 2D279F401672FBBC000D84E1 /* Default@2x.png */; };
		2D279F431672FBBC000D84E1 /* Default-568h@2x.png in Resources */ = {isa = PBXBuildFile; fileRef = 2D279F421672FBBC000D84E1 /* Default-568h@2x.png */; };
		2D279F461672FBBC000D84E1 /* MainStoryboard.storyboard in Resources */ = {isa = PBXBuildFile; fileRef = 2D279F441672FBBC000D84E1 /* MainStoryboard.storyboard */; };
		2D279F491672FBBC000D84E1 /* NUIViewController.m in Sources */ = {isa = PBXBuildFile; fileRef = 2D279F481672FBBC000D84E1 /* NUIViewController.m */; };
		2D279F5A1672FCF6000D84E1 /* NativeUI.h in CopyFiles */ = {isa = PBXBuildFile; fileRef = 2D279F511672FC8A000D84E1 /* NativeUI.h */; };
		2D279F5B1672FCF8000D84E1 /* NativeUI.m in CopyFiles */ = {isa = PBXBuildFile; fileRef = 2D279F521672FC8A000D84E1 /* NativeUI.m */; };
		2D279F5C1672FCFA000D84E1 /* NativeUIManager.h in CopyFiles */ = {isa = PBXBuildFile; fileRef = 2D279F531672FC8A000D84E1 /* NativeUIManager.h */; };
		2D279F5D1672FCFC000D84E1 /* NativeUIManager.mm in CopyFiles */ = {isa = PBXBuildFile; fileRef = 2D279F541672FC8A000D84E1 /* NativeUIManager.mm */; };
		2D279F601672FD0A000D84E1 /* MainStoryboard.storyboard in CopyFiles */ = {isa = PBXBuildFile; fileRef = 2D279F441672FBBC000D84E1 /* MainStoryboard.storyboard */; };
		2D2BA45516B1778400AF90A9 /* NUIViewController.h in CopyFiles */ = {isa = PBXBuildFile; fileRef = 2D279F471672FBBC000D84E1 /* NUIViewController.h */; };
		2D2BA45616B1778400AF90A9 /* NUIViewController.m in CopyFiles */ = {isa = PBXBuildFile; fileRef = 2D279F481672FBBC000D84E1 /* NUIViewController.m */; };
		2DC66F0816BCBB7300A93D5D /* NativeUIManager.mm in Sources */ = {isa = PBXBuildFile; fileRef = 2D279F541672FC8A000D84E1 /* NativeUIManager.mm */; };
/* End PBXBuildFile section */

/* Begin PBXCopyFilesBuildPhase section */
		2D279F551672FCD7000D84E1 /* CopyFiles */ = {
			isa = PBXCopyFilesBuildPhase;
			buildActionMask = 2147483647;
			dstPath = /Volumes/Research/Code/NativeUI/Unity/Assets/Plugins/iOS;
			dstSubfolderSpec = 0;
			files = (
				2D05C8A416B1808F00DAB3BB /* uncertain.png in CopyFiles */,
				2D2BA45516B1778400AF90A9 /* NUIViewController.h in CopyFiles */,
				2D2BA45616B1778400AF90A9 /* NUIViewController.m in CopyFiles */,
				2D279F5A1672FCF6000D84E1 /* NativeUI.h in CopyFiles */,
				2D279F5B1672FCF8000D84E1 /* NativeUI.m in CopyFiles */,
				2D279F601672FD0A000D84E1 /* MainStoryboard.storyboard in CopyFiles */,
				2D279F5D1672FCFC000D84E1 /* NativeUIManager.mm in CopyFiles */,
				2D279F5C1672FCFA000D84E1 /* NativeUIManager.h in CopyFiles */,
			);
			runOnlyForDeploymentPostprocessing = 0;
		};
/* End PBXCopyFilesBuildPhase section */

/* Begin PBXFileReference section */
		2D05C8A216B1803F00DAB3BB /* uncertain.png */ = {isa = PBXFileReference; lastKnownFileType = image.png; path = uncertain.png; sourceTree = "<group>"; };
		2D279F281672FBBC000D84E1 /* PrometheusDemo.app */ = {isa = PBXFileReference; explicitFileType = wrapper.application; includeInIndex = 0; path = PrometheusDemo.app; sourceTree = BUILT_PRODUCTS_DIR; };
		2D279F2C1672FBBC000D84E1 /* UIKit.framework */ = {isa = PBXFileReference; lastKnownFileType = wrapper.framework; name = UIKit.framework; path = System/Library/Frameworks/UIKit.framework; sourceTree = SDKROOT; };
		2D279F2E1672FBBC000D84E1 /* Foundation.framework */ = {isa = PBXFileReference; lastKnownFileType = wrapper.framework; name = Foundation.framework; path = System/Library/Frameworks/Foundation.framework; sourceTree = SDKROOT; };
		2D279F301672FBBC000D84E1 /* CoreGraphics.framework */ = {isa = PBXFileReference; lastKnownFileType = wrapper.framework; name = CoreGraphics.framework; path = System/Library/Frameworks/CoreGraphics.framework; sourceTree = SDKROOT; };
		2D279F341672FBBC000D84E1 /* PrometheusDemo-Info.plist */ = {isa = PBXFileReference; lastKnownFileType = text.plist.xml; path = "PrometheusDemo-Info.plist"; sourceTree = "<group>"; };
		2D279F361672FBBC000D84E1 /* en */ = {isa = PBXFileReference; lastKnownFileType = text.plist.strings; name = en; path = en.lproj/InfoPlist.strings; sourceTree = "<group>"; };
		2D279F381672FBBC000D84E1 /* main.m */ = {isa = PBXFileReference; lastKnownFileType = sourcecode.c.objc; path = main.m; sourceTree = "<group>"; };
		2D279F3A1672FBBC000D84E1 /* PrometheusDemo-Prefix.pch */ = {isa = PBXFileReference; lastKnownFileType = sourcecode.c.h; path = "PrometheusDemo-Prefix.pch"; sourceTree = "<group>"; };
		2D279F3B1672FBBC000D84E1 /* NUIAppDelegate.h */ = {isa = PBXFileReference; lastKnownFileType = sourcecode.c.h; path = NUIAppDelegate.h; sourceTree = "<group>"; };
		2D279F3C1672FBBC000D84E1 /* NUIAppDelegate.m */ = {isa = PBXFileReference; lastKnownFileType = sourcecode.c.objc; path = NUIAppDelegate.m; sourceTree = "<group>"; };
		2D279F3E1672FBBC000D84E1 /* Default.png */ = {isa = PBXFileReference; lastKnownFileType = image.png; path = Default.png; sourceTree = "<group>"; };
		2D279F401672FBBC000D84E1 /* Default@2x.png */ = {isa = PBXFileReference; lastKnownFileType = image.png; path = "Default@2x.png"; sourceTree = "<group>"; };
		2D279F421672FBBC000D84E1 /* Default-568h@2x.png */ = {isa = PBXFileReference; lastKnownFileType = image.png; path = "Default-568h@2x.png"; sourceTree = "<group>"; };
		2D279F451672FBBC000D84E1 /* en */ = {isa = PBXFileReference; lastKnownFileType = file.storyboard; name = en; path = en.lproj/MainStoryboard.storyboard; sourceTree = "<group>"; };
		2D279F471672FBBC000D84E1 /* NUIViewController.h */ = {isa = PBXFileReference; lastKnownFileType = sourcecode.c.h; path = NUIViewController.h; sourceTree = "<group>"; };
		2D279F481672FBBC000D84E1 /* NUIViewController.m */ = {isa = PBXFileReference; lastKnownFileType = sourcecode.c.objc; path = NUIViewController.m; sourceTree = "<group>"; };
		2D279F511672FC8A000D84E1 /* NativeUI.h */ = {isa = PBXFileReference; lastKnownFileType = sourcecode.c.h; path = NativeUI.h; sourceTree = "<group>"; };
		2D279F521672FC8A000D84E1 /* NativeUI.m */ = {isa = PBXFileReference; lastKnownFileType = sourcecode.c.objc; path = NativeUI.m; sourceTree = "<group>"; };
		2D279F531672FC8A000D84E1 /* NativeUIManager.h */ = {isa = PBXFileReference; lastKnownFileType = sourcecode.c.h; path = NativeUIManager.h; sourceTree = "<group>"; };
		2D279F541672FC8A000D84E1 /* NativeUIManager.mm */ = {isa = PBXFileReference; lastKnownFileType = sourcecode.cpp.objcpp; path = NativeUIManager.mm; sourceTree = "<group>"; };
/* End PBXFileReference section */

/* Begin PBXFrameworksBuildPhase section */
		2D279F251672FBBC000D84E1 /* Frameworks */ = {
			isa = PBXFrameworksBuildPhase;
			buildActionMask = 2147483647;
			files = (
				2D279F2D1672FBBC000D84E1 /* UIKit.framework in Frameworks */,
				2D279F2F1672FBBC000D84E1 /* Foundation.framework in Frameworks */,
				2D279F311672FBBC000D84E1 /* CoreGraphics.framework in Frameworks */,
			);
			runOnlyForDeploymentPostprocessing = 0;
		};
/* End PBXFrameworksBuildPhase section */

/* Begin PBXGroup section */
		2D05C89E16B1801600DAB3BB /* Images */ = {
			isa = PBXGroup;
			children = (
				2D05C8A216B1803F00DAB3BB /* uncertain.png */,
			);
			name = Images;
			sourceTree = "<group>";
		};
		2D279F1D1672FBBC000D84E1 = {
			isa = PBXGroup;
			children = (
				2D279F321672FBBC000D84E1 /* PrometheusDemo */,
				2D279F2B1672FBBC000D84E1 /* Frameworks */,
				2D279F291672FBBC000D84E1 /* Products */,
			);
			sourceTree = "<group>";
		};
		2D279F291672FBBC000D84E1 /* Products */ = {
			isa = PBXGroup;
			children = (
				2D279F281672FBBC000D84E1 /* PrometheusDemo.app */,
			);
			name = Products;
			sourceTree = "<group>";
		};
		2D279F2B1672FBBC000D84E1 /* Frameworks */ = {
			isa = PBXGroup;
			children = (
				2D279F2C1672FBBC000D84E1 /* UIKit.framework */,
				2D279F2E1672FBBC000D84E1 /* Foundation.framework */,
				2D279F301672FBBC000D84E1 /* CoreGraphics.framework */,
			);
			name = Frameworks;
			sourceTree = "<group>";
		};
		2D279F321672FBBC000D84E1 /* PrometheusDemo */ = {
			isa = PBXGroup;
			children = (
				2D05C89E16B1801600DAB3BB /* Images */,
				2D279F511672FC8A000D84E1 /* NativeUI.h */,
				2D279F521672FC8A000D84E1 /* NativeUI.m */,
				2D279F531672FC8A000D84E1 /* NativeUIManager.h */,
				2D279F541672FC8A000D84E1 /* NativeUIManager.mm */,
				2D279F3B1672FBBC000D84E1 /* NUIAppDelegate.h */,
				2D279F3C1672FBBC000D84E1 /* NUIAppDelegate.m */,
				2D279F441672FBBC000D84E1 /* MainStoryboard.storyboard */,
				2D279F471672FBBC000D84E1 /* NUIViewController.h */,
				2D279F481672FBBC000D84E1 /* NUIViewController.m */,
				2D279F331672FBBC000D84E1 /* Supporting Files */,
			);
			path = PrometheusDemo;
			sourceTree = "<group>";
		};
		2D279F331672FBBC000D84E1 /* Supporting Files */ = {
			isa = PBXGroup;
			children = (
				2D279F341672FBBC000D84E1 /* PrometheusDemo-Info.plist */,
				2D279F351672FBBC000D84E1 /* InfoPlist.strings */,
				2D279F381672FBBC000D84E1 /* main.m */,
				2D279F3A1672FBBC000D84E1 /* PrometheusDemo-Prefix.pch */,
				2D279F3E1672FBBC000D84E1 /* Default.png */,
				2D279F401672FBBC000D84E1 /* Default@2x.png */,
				2D279F421672FBBC000D84E1 /* Default-568h@2x.png */,
			);
			name = "Supporting Files";
			sourceTree = "<group>";
		};
/* End PBXGroup section */

/* Begin PBXNativeTarget section */
		2D279F271672FBBC000D84E1 /* PrometheusDemo */ = {
			isa = PBXNativeTarget;
			buildConfigurationList = 2D279F4C1672FBBC000D84E1 /* Build configuration list for PBXNativeTarget "PrometheusDemo" */;
			buildPhases = (
				2D279F241672FBBC000D84E1 /* Sources */,
				2D279F251672FBBC000D84E1 /* Frameworks */,
				2D279F261672FBBC000D84E1 /* Resources */,
				2D279F551672FCD7000D84E1 /* CopyFiles */,
			);
			buildRules = (
			);
			dependencies = (
			);
			name = PrometheusDemo;
			productName = PrometheusDemo;
			productReference = 2D279F281672FBBC000D84E1 /* PrometheusDemo.app */;
			productType = "com.apple.product-type.application";
		};
/* End PBXNativeTarget section */

/* Begin PBXProject section */
		2D279F1F1672FBBC000D84E1 /* Project object */ = {
			isa = PBXProject;
			attributes = {
				CLASSPREFIX = NUI;
				LastUpgradeCheck = 0450;
				ORGANIZATIONNAME = "Christopher Baltzer";
			};
			buildConfigurationList = 2D279F221672FBBC000D84E1 /* Build configuration list for PBXProject "PrometheusDemo" */;
			compatibilityVersion = "Xcode 3.2";
			developmentRegion = English;
			hasScannedForEncodings = 0;
			knownRegions = (
				en,
			);
			mainGroup = 2D279F1D1672FBBC000D84E1;
			productRefGroup = 2D279F291672FBBC000D84E1 /* Products */;
			projectDirPath = "";
			projectRoot = "";
			targets = (
				2D279F271672FBBC000D84E1 /* PrometheusDemo */,
			);
		};
/* End PBXProject section */

/* Begin PBXResourcesBuildPhase section */
		2D279F261672FBBC000D84E1 /* Resources */ = {
			isa = PBXResourcesBuildPhase;
			buildActionMask = 2147483647;
			files = (
				2D279F371672FBBC000D84E1 /* InfoPlist.strings in Resources */,
				2D279F3F1672FBBC000D84E1 /* Default.png in Resources */,
				2D279F411672FBBC000D84E1 /* Default@2x.png in Resources */,
				2D279F431672FBBC000D84E1 /* Default-568h@2x.png in Resources */,
				2D279F461672FBBC000D84E1 /* MainStoryboard.storyboard in Resources */,
				2D05C8A316B1803F00DAB3BB /* uncertain.png in Resources */,
			);
			runOnlyForDeploymentPostprocessing = 0;
		};
/* End PBXResourcesBuildPhase section */

/* Begin PBXSourcesBuildPhase section */
		2D279F241672FBBC000D84E1 /* Sources */ = {
			isa = PBXSourcesBuildPhase;
			buildActionMask = 2147483647;
			files = (
				2D279F391672FBBC000D84E1 /* main.m in Sources */,
				2D279F3D1672FBBC000D84E1 /* NUIAppDelegate.m in Sources */,
				2DC66F0816BCBB7300A93D5D /* NativeUIManager.mm in Sources */,
				2D279F491672FBBC000D84E1 /* NUIViewController.m in Sources */,
			);
			runOnlyForDeploymentPostprocessing = 0;
		};
/* End PBXSourcesBuildPhase section */

/* Begin PBXVariantGroup section */
		2D279F351672FBBC000D84E1 /* InfoPlist.strings */ = {
			isa = PBXVariantGroup;
			children = (
				2D279F361672FBBC000D84E1 /* en */,
			);
			name = InfoPlist.strings;
			sourceTree = "<group>";
		};
		2D279F441672FBBC000D84E1 /* MainStoryboard.storyboard */ = {
			isa = PBXVariantGroup;
			children = (
				2D279F451672FBBC000D84E1 /* en */,
			);
			name = MainStoryboard.storyboard;
			sourceTree = "<group>";
		};
/* End PBXVariantGroup section */

/* Begin XCBuildConfiguration section */
		2D279F4A1672FBBC000D84E1 /* Debug */ = {
			isa = XCBuildConfiguration;
			buildSettings = {
				ALWAYS_SEARCH_USER_PATHS = NO;
				CLANG_CXX_LANGUAGE_STANDARD = "gnu++0x";
				CLANG_CXX_LIBRARY = "libc++";
				CLANG_WARN_EMPTY_BODY = YES;
				CLANG_WARN__DUPLICATE_METHOD_MATCH = YES;
				"CODE_SIGN_IDENTITY[sdk=iphoneos*]" = "iPhone Developer";
				COPY_PHASE_STRIP = NO;
				GCC_C_LANGUAGE_STANDARD = gnu99;
				GCC_DYNAMIC_NO_PIC = NO;
				GCC_OPTIMIZATION_LEVEL = 0;
				GCC_PREPROCESSOR_DEFINITIONS = (
					"DEBUG=1",
					"$(inherited)",
				);
				GCC_SYMBOLS_PRIVATE_EXTERN = NO;
				GCC_WARN_ABOUT_RETURN_TYPE = YES;
				GCC_WARN_UNINITIALIZED_AUTOS = YES;
				GCC_WARN_UNUSED_VARIABLE = YES;
				IPHONEOS_DEPLOYMENT_TARGET = 6.0;
				ONLY_ACTIVE_ARCH = YES;
				SDKROOT = iphoneos;
			};
			name = Debug;
		};
		2D279F4B1672FBBC000D84E1 /* Release */ = {
			isa = XCBuildConfiguration;
			buildSettings = {
				ALWAYS_SEARCH_USER_PATHS = NO;
				CLANG_CXX_LANGUAGE_STANDARD = "gnu++0x";
				CLANG_CXX_LIBRARY = "libc++";
				CLANG_WARN_EMPTY_BODY = YES;
				CLANG_WARN__DUPLICATE_METHOD_MATCH = YES;
				"CODE_SIGN_IDENTITY[sdk=iphoneos*]" = "iPhone Developer";
				COPY_PHASE_STRIP = YES;
				GCC_C_LANGUAGE_STANDARD = gnu99;
				GCC_WARN_ABOUT_RETURN_TYPE = YES;
				GCC_WARN_UNINITIALIZED_AUTOS = YES;
				GCC_WARN_UNUSED_VARIABLE = YES;
				IPHONEOS_DEPLOYMENT_TARGET = 6.0;
				OTHER_CFLAGS = "-DNS_BLOCK_ASSERTIONS=1";
				SDKROOT = iphoneos;
				VALIDATE_PRODUCT = YES;
			};
			name = Release;
		};
		2D279F4D1672FBBC000D84E1 /* Debug */ = {
			isa = XCBuildConfiguration;
			buildSettings = {
				GCC_PRECOMPILE_PREFIX_HEADER = YES;
				GCC_PREFIX_HEADER = "PrometheusDemo/PrometheusDemo-Prefix.pch";
				INFOPLIST_FILE = "PrometheusDemo/PrometheusDemo-Info.plist";
				PRODUCT_NAME = "$(TARGET_NAME)";
				WRAPPER_EXTENSION = app;
			};
			name = Debug;
		};
		2D279F4E1672FBBC000D84E1 /* Release */ = {
			isa = XCBuildConfiguration;
			buildSettings = {
				GCC_PRECOMPILE_PREFIX_HEADER = YES;
				GCC_PREFIX_HEADER = "PrometheusDemo/PrometheusDemo-Prefix.pch";
				INFOPLIST_FILE = "PrometheusDemo/PrometheusDemo-Info.plist";
				PRODUCT_NAME = "$(TARGET_NAME)";
				WRAPPER_EXTENSION = app;
			};
			name = Release;
		};
/* End XCBuildConfiguration section */

/* Begin XCConfigurationList section */
		2D279F221672FBBC000D84E1 /* Build configuration list for PBXProject "PrometheusDemo" */ = {
			isa = XCConfigurationList;
			buildConfigurations = (
				2D279F4A1672FBBC000D84E1 /* Debug */,
				2D279F4B1672FBBC000D84E1 /* Release */,
			);
			defaultConfigurationIsVisible = 0;
			defaultConfigurationName = Release;
		};
		2D279F4C1672FBBC000D84E1 /* Build configuration list for PBXNativeTarget "PrometheusDemo" */ = {
			isa = XCConfigurationList;
			buildConfigurations = (
				2D279F4D1672FBBC000D84E1 /* Debug */,
				2D279F4E1672FBBC000D84E1 /* Release */,
			);
			defaultConfigurationIsVisible = 0;
			defaultConfigurationName = Release;
		};
/* End XCConfigurationList section */
	};
	rootObject = 2D279F1F1672FBBC000D84E1 /* Project object */;
}
